
Microsoft Visual Studio Solution File, Format Version 12.00
# Visual Studio Version 16
VisualStudioVersion = 16.0.34729.46
MinimumVisualStudioVersion = 10.0.40219.1
Project("{2150E333-8FDC-42A3-9474-1A3956D46DE8}") = "PracticeCode", "PracticeCode", "{7FBDF24E-58E1-4B17-8A1D-092380010924}"
EndProject
Project("{8BC9CEB8-8B4A-11D0-8D11-00A0C91BC942}") = "Practice01", "Practice01\Practice01.vcxproj", "{F64A1D79-E3C2-4A5F-B005-51144974E5CF}"
EndProject
Project("{8BC9CEB8-8B4A-11D0-8D11-00A0C91BC942}") = "Practice02", "Practice02\Practice02.vcxproj", "{4552C78B-3162-43C9-8C5C-D6819C28AC15}"
EndProject
Project("{8BC9CEB8-8B4A-11D0-8D11-00A0C91BC942}") = "Practice03", "Practice03\Practice03.vcxproj", "{EBFC1C1B-1B3E-452F-A1C5-3BF008367130}"
EndProject
Project("{8BC9CEB8-8B4A-11D0-8D11-00A0C91BC942}") = "Practice04", "Practice04\Practice04.vcxproj", "{890837C9-AC17-428D-9B62-F60F9C1E44E2}"
EndProject
Project("{8BC9CEB8-8B4A-11D0-8D11-00A0C91BC942}") = "Practice05", "Practice05\Practice05.vcxproj", "{3D4CA7AC-2F11-4ED4-8646-1228E0530166}"
EndProject
Project("{8BC9CEB8-8B4A-11D0-8D11-00A0C91BC942}") = "Practice06", "Practice06\Practice06.vcxproj", "{D845DC44-30C3-4324-9BE9-42585EE0C2E4}"
EndProject
Project("{8BC9CEB8-8B4A-11D0-8D11-00A0C91BC942}") = "Practice07", "Practice07\Practice07.vcxproj", "{7F210854-8815-470E-A45B-2E9D112240D2}"
EndProject
Project("{8BC9CEB8-8B4A-11D0-8D11-00A0C91BC942}") = "Practice08", "Practice08\Practice08.vcxproj", "{731D1687-5747-4797-B8C6-590AC6D45B9F}"
EndProject
Project("{8BC9CEB8-8B4A-11D0-8D11-00A0C91BC942}") = "Practice09", "Practice09\Practice09.vcxproj", "{2D8DF219-A2F5-4AA9-B0B1-4A2B561D4C97}"
EndProject
Project("{8BC9CEB8-8B4A-11D0-8D11-00A0C91BC942}") = "Practice10", "Practice10\Practice10.vcxproj", "{E52ED83A-0838-42F9-A427-96B4965457B5}"
EndProject
Project("{8BC9CEB8-8B4A-11D0-8D11-00A0C91BC942}") = "Practice11", "Practice11\Practice11.vcxproj", "{72324767-0308-4115-844B-4D99AA1AAA5C}"
EndProject
Project("{8BC9CEB8-8B4A-11D0-8D11-00A0C91BC942}") = "Practice12", "Practice12\Practice12.vcxproj", "{002CBCBD-463A-48F8-891B-D19F8505C481}"
EndProject
Project("{8BC9CEB8-8B4A-11D0-8D11-00A0C91BC942}") = "Practice13", "Practice13\Practice13.vcxproj", "{2CF678D9-6E88-440F-83F6-3921E641C131}"
EndProject
Project("{8BC9CEB8-8B4A-11D0-8D11-00A0C91BC942}") = "Practice14", "Practice14\Practice14.vcxproj", "{CA1E34A6-A511-4B8D-88C0-4F99154BA574}"
EndProject
Project("{8BC9CEB8-8B4A-11D0-8D11-00A0C91BC942}") = "Practice15", "Practice15\Practice15.vcxproj", "{0F2C79C1-8828-4318-8D16-FFC69A053B0C}"
EndProject
Project("{8BC9CEB8-8B4A-11D0-8D11-00A0C91BC942}") = "MiddleExam", "MiddleExam\MiddleExam.vcxproj", "{C776B28B-F999-4DFC-B487-4B98352122FE}"
EndProject
Project("{8BC9CEB8-8B4A-11D0-8D11-00A0C91BC942}") = "FinalExam", "FinalExam\FinalExam.vcxproj", "{44E9305A-AC31-4B27-9BC2-18432B8C9388}"
EndProject
Global
	GlobalSection(SolutionConfigurationPlatforms) = preSolution
		Debug|x64 = Debug|x64
		Debug|x86 = Debug|x86
		Release|x64 = Release|x64
		Release|x86 = Release|x86
	EndGlobalSection
	GlobalSection(ProjectConfigurationPlatforms) = postSolution
		{F64A1D79-E3C2-4A5F-B005-51144974E5CF}.Debug|x64.ActiveCfg = Debug|x64
		{F64A1D79-E3C2-4A5F-B005-51144974E5CF}.Debug|x64.Build.0 = Debug|x64
		{F64A1D79-E3C2-4A5F-B005-51144974E5CF}.Debug|x86.ActiveCfg = Debug|Win32
		{F64A1D79-E3C2-4A5F-B005-51144974E5CF}.Debug|x86.Build.0 = Debug|Win32
		{F64A1D79-E3C2-4A5F-B005-51144974E5CF}.Release|x64.ActiveCfg = Release|x64
		{F64A1D79-E3C2-4A5F-B005-51144974E5CF}.Release|x64.Build.0 = Release|x64
		{F64A1D79-E3C2-4A5F-B005-51144974E5CF}.Release|x86.ActiveCfg = Release|Win32
		{F64A1D79-E3C2-4A5F-B005-51144974E5CF}.Release|x86.Build.0 = Release|Win32
		{4552C78B-3162-43C9-8C5C-D6819C28AC15}.Debug|x64.ActiveCfg = Debug|x64
		{4552C78B-3162-43C9-8C5C-D6819C28AC15}.Debug|x64.Build.0 = Debug|x64
		{4552C78B-3162-43C9-8C5C-D6819C28AC15}.Debug|x86.ActiveCfg = Debug|Win32
		{4552C78B-3162-43C9-8C5C-D6819C28AC15}.Debug|x86.Build.0 = Debug|Win32
		{4552C78B-3162-43C9-8C5C-D6819C28AC15}.Release|x64.ActiveCfg = Release|x64
		{4552C78B-3162-43C9-8C5C-D6819C28AC15}.Release|x64.Build.0 = Release|x64
		{4552C78B-3162-43C9-8C5C-D6819C28AC15}.Release|x86.ActiveCfg = Release|Win32
		{4552C78B-3162-43C9-8C5C-D6819C28AC15}.Release|x86.Build.0 = Release|Win32
		{EBFC1C1B-1B3E-452F-A1C5-3BF008367130}.Debug|x64.ActiveCfg = Debug|x64
		{EBFC1C1B-1B3E-452F-A1C5-3BF008367130}.Debug|x64.Build.0 = Debug|x64
		{EBFC1C1B-1B3E-452F-A1C5-3BF008367130}.Debug|x86.ActiveCfg = Debug|Win32
		{EBFC1C1B-1B3E-452F-A1C5-3BF008367130}.Debug|x86.Build.0 = Debug|Win32
		{EBFC1C1B-1B3E-452F-A1C5-3BF008367130}.Release|x64.ActiveCfg = Release|x64
		{EBFC1C1B-1B3E-452F-A1C5-3BF008367130}.Release|x64.Build.0 = Release|x64
		{EBFC1C1B-1B3E-452F-A1C5-3BF008367130}.Release|x86.ActiveCfg = Release|Win32
		{EBFC1C1B-1B3E-452F-A1C5-3BF008367130}.Release|x86.Build.0 = Release|Win32
		{890837C9-AC17-428D-9B62-F60F9C1E44E2}.Debug|x64.ActiveCfg = Debug|x64
		{890837C9-AC17-428D-9B62-F60F9C1E44E2}.Debug|x64.Build.0 = Debug|x64
		{890837C9-AC17-428D-9B62-F60F9C1E44E2}.Debug|x86.ActiveCfg = Debug|Win32
		{890837C9-AC17-428D-9B62-F60F9C1E44E2}.Debug|x86.Build.0 = Debug|Win32
		{890837C9-AC17-428D-9B62-F60F9C1E44E2}.Release|x64.ActiveCfg = Release|x64
		{890837C9-AC17-428D-9B62-F60F9C1E44E2}.Release|x64.Build.0 = Release|x64
		{890837C9-AC17-428D-9B62-F60F9C1E44E2}.Release|x86.ActiveCfg = Release|Win32
		{890837C9-AC17-428D-9B62-F60F9C1E44E2}.Release|x86.Build.0 = Release|Win32
		{3D4CA7AC-2F11-4ED4-8646-1228E0530166}.Debug|x64.ActiveCfg = Debug|x64
		{3D4CA7AC-2F11-4ED4-8646-1228E0530166}.Debug|x64.Build.0 = Debug|x64
		{3D4CA7AC-2F11-4ED4-8646-1228E0530166}.Debug|x86.ActiveCfg = Debug|Win32
		{3D4CA7AC-2F11-4ED4-8646-1228E0530166}.Debug|x86.Build.0 = Debug|Win32
		{3D4CA7AC-2F11-4ED4-8646-1228E0530166}.Release|x64.ActiveCfg = Release|x64
		{3D4CA7AC-2F11-4ED4-8646-1228E0530166}.Release|x64.Build.0 = Release|x64
		{3D4CA7AC-2F11-4ED4-8646-1228E0530166}.Release|x86.ActiveCfg = Release|Win32
		{3D4CA7AC-2F11-4ED4-8646-1228E0530166}.Release|x86.Build.0 = Release|Win32
		{D845DC44-30C3-4324-9BE9-42585EE0C2E4}.Debug|x64.ActiveCfg = Debug|x64
		{D845DC44-30C3-4324-9BE9-42585EE0C2E4}.Debug|x64.Build.0 = Debug|x64
		{D845DC44-30C3-4324-9BE9-42585EE0C2E4}.Debug|x86.ActiveCfg = Debug|Win32
		{D845DC44-30C3-4324-9BE9-42585EE0C2E4}.Debug|x86.Build.0 = Debug|Win32
		{D845DC44-30C3-4324-9BE9-42585EE0C2E4}.Release|x64.ActiveCfg = Release|x64
		{D845DC44-30C3-4324-9BE9-42585EE0C2E4}.Release|x64.Build.0 = Release|x64
		{D845DC44-30C3-4324-9BE9-42585EE0C2E4}.Release|x86.ActiveCfg = Release|Win32
		{D845DC44-30C3-4324-9BE9-42585EE0C2E4}.Release|x86.Build.0 = Release|Win32
		{7F210854-8815-470E-A45B-2E9D112240D2}.Debug|x64.ActiveCfg = Debug|x64
		{7F210854-8815-470E-A45B-2E9D112240D2}.Debug|x64.Build.0 = Debug|x64
		{7F210854-8815-470E-A45B-2E9D112240D2}.Debug|x86.ActiveCfg = Debug|Win32
		{7F210854-8815-470E-A45B-2E9D112240D2}.Debug|x86.Build.0 = Debug|Win32
		{7F210854-8815-470E-A45B-2E9D112240D2}.Release|x64.ActiveCfg = Release|x64
		{7F210854-8815-470E-A45B-2E9D112240D2}.Release|x64.Build.0 = Release|x64
		{7F210854-8815-470E-A45B-2E9D112240D2}.Release|x86.ActiveCfg = Release|Win32
		{7F210854-8815-470E-A45B-2E9D112240D2}.Release|x86.Build.0 = Release|Win32
		{731D1687-5747-4797-B8C6-590AC6D45B9F}.Debug|x64.ActiveCfg = Debug|x64
		{731D1687-5747-4797-B8C6-590AC6D45B9F}.Debug|x64.Build.0 = Debug|x64
		{731D1687-5747-4797-B8C6-590AC6D45B9F}.Debug|x86.ActiveCfg = Debug|Win32
		{731D1687-5747-4797-B8C6-590AC6D45B9F}.Debug|x86.Build.0 = Debug|Win32
		{731D1687-5747-4797-B8C6-590AC6D45B9F}.Release|x64.ActiveCfg = Release|x64
		{731D1687-5747-4797-B8C6-590AC6D45B9F}.Release|x64.Build.0 = Release|x64
		{731D1687-5747-4797-B8C6-590AC6D45B9F}.Release|x86.ActiveCfg = Release|Win32
		{731D1687-5747-4797-B8C6-590AC6D45B9F}.Release|x86.Build.0 = Release|Win32
		{2D8DF219-A2F5-4AA9-B0B1-4A2B561D4C97}.Debug|x64.ActiveCfg = Debug|x64
		{2D8DF219-A2F5-4AA9-B0B1-4A2B561D4C97}.Debug|x64.Build.0 = Debug|x64
		{2D8DF219-A2F5-4AA9-B0B1-4A2B561D4C97}.Debug|x86.ActiveCfg = Debug|Win32
		{2D8DF219-A2F5-4AA9-B0B1-4A2B561D4C97}.Debug|x86.Build.0 = Debug|Win32
		{2D8DF219-A2F5-4AA9-B0B1-4A2B561D4C97}.Release|x64.ActiveCfg = Release|x64
		{2D8DF219-A2F5-4AA9-B0B1-4A2B561D4C97}.Release|x64.Build.0 = Release|x64
		{2D8DF219-A2F5-4AA9-B0B1-4A2B561D4C97}.Release|x86.ActiveCfg = Release|Win32
		{2D8DF219-A2F5-4AA9-B0B1-4A2B561D4C97}.Release|x86.Build.0 = Release|Win32
		{E52ED83A-0838-42F9-A427-96B4965457B5}.Debug|x64.ActiveCfg = Debug|x64
		{E52ED83A-0838-42F9-A427-96B4965457B5}.Debug|x64.Build.0 = Debug|x64
		{E52ED83A-0838-42F9-A427-96B4965457B5}.Debug|x86.ActiveCfg = Debug|Win32
		{E52ED83A-0838-42F9-A427-96B4965457B5}.Debug|x86.Build.0 = Debug|Win32
		{E52ED83A-0838-42F9-A427-96B4965457B5}.Release|x64.ActiveCfg = Release|x64
		{E52ED83A-0838-42F9-A427-96B4965457B5}.Release|x64.Build.0 = Release|x64
		{E52ED83A-0838-42F9-A427-96B4965457B5}.Release|x86.ActiveCfg = Release|Win32
		{E52ED83A-0838-42F9-A427-96B4965457B5}.Release|x86.Build.0 = Release|Win32
		{72324767-0308-4115-844B-4D99AA1AAA5C}.Debug|x64.ActiveCfg = Debug|x64
		{72324767-0308-4115-844B-4D99AA1AAA5C}.Debug|x64.Build.0 = Debug|x64
		{72324767-0308-4115-844B-4D99AA1AAA5C}.Debug|x86.ActiveCfg = Debug|Win32
		{72324767-0308-4115-844B-4D99AA1AAA5C}.Debug|x86.Build.0 = Debug|Win32
		{72324767-0308-4115-844B-4D99AA1AAA5C}.Release|x64.ActiveCfg = Release|x64
		{72324767-0308-4115-844B-4D99AA1AAA5C}.Release|x64.Build.0 = Release|x64
		{72324767-0308-4115-844B-4D99AA1AAA5C}.Release|x86.ActiveCfg = Release|Win32
		{72324767-0308-4115-844B-4D99AA1AAA5C}.Release|x86.Build.0 = Release|Win32
		{002CBCBD-463A-48F8-891B-D19F8505C481}.Debug|x64.ActiveCfg = Debug|x64
		{002CBCBD-463A-48F8-891B-D19F8505C481}.Debug|x64.Build.0 = Debug|x64
		{002CBCBD-463A-48F8-891B-D19F8505C481}.Debug|x86.ActiveCfg = Debug|Win32
		{002CBCBD-463A-48F8-891B-D19F8505C481}.Debug|x86.Build.0 = Debug|Win32
		{002CBCBD-463A-48F8-891B-D19F8505C481}.Release|x64.ActiveCfg = Release|x64
		{002CBCBD-463A-48F8-891B-D19F8505C481}.Release|x64.Build.0 = Release|x64
		{002CBCBD-463A-48F8-891B-D19F8505C481}.Release|x86.ActiveCfg = Release|Win32
		{002CBCBD-463A-48F8-891B-D19F8505C481}.Release|x86.Build.0 = Release|Win32
		{2CF678D9-6E88-440F-83F6-3921E641C131}.Debug|x64.ActiveCfg = Debug|x64
		{2CF678D9-6E88-440F-83F6-3921E641C131}.Debug|x64.Build.0 = Debug|x64
		{2CF678D9-6E88-440F-83F6-3921E641C131}.Debug|x86.ActiveCfg = Debug|Win32
		{2CF678D9-6E88-440F-83F6-3921E641C131}.Debug|x86.Build.0 = Debug|Win32
		{2CF678D9-6E88-440F-83F6-3921E641C131}.Release|x64.ActiveCfg = Release|x64
		{2CF678D9-6E88-440F-83F6-3921E641C131}.Release|x64.Build.0 = Release|x64
		{2CF678D9-6E88-440F-83F6-3921E641C131}.Release|x86.ActiveCfg = Release|Win32
		{2CF678D9-6E88-440F-83F6-3921E641C131}.Release|x86.Build.0 = Release|Win32
		{CA1E34A6-A511-4B8D-88C0-4F99154BA574}.Debug|x64.ActiveCfg = Debug|x64
		{CA1E34A6-A511-4B8D-88C0-4F99154BA574}.Debug|x64.Build.0 = Debug|x64
		{CA1E34A6-A511-4B8D-88C0-4F99154BA574}.Debug|x86.ActiveCfg = Debug|Win32
		{CA1E34A6-A511-4B8D-88C0-4F99154BA574}.Debug|x86.Build.0 = Debug|Win32
		{CA1E34A6-A511-4B8D-88C0-4F99154BA574}.Release|x64.ActiveCfg = Release|x64
		{CA1E34A6-A511-4B8D-88C0-4F99154BA574}.Release|x64.Build.0 = Release|x64
		{CA1E34A6-A511-4B8D-88C0-4F99154BA574}.Release|x86.ActiveCfg = Release|Win32
		{CA1E34A6-A511-4B8D-88C0-4F99154BA574}.Release|x86.Build.0 = Release|Win32
		{0F2C79C1-8828-4318-8D16-FFC69A053B0C}.Debug|x64.ActiveCfg = Debug|x64
		{0F2C79C1-8828-4318-8D16-FFC69A053B0C}.Debug|x64.Build.0 = Debug|x64
		{0F2C79C1-8828-4318-8D16-FFC69A053B0C}.Debug|x86.ActiveCfg = Debug|Win32
		{0F2C79C1-8828-4318-8D16-FFC69A053B0C}.Debug|x86.Build.0 = Debug|Win32
		{0F2C79C1-8828-4318-8D16-FFC69A053B0C}.Release|x64.ActiveCfg = Release|x64
		{0F2C79C1-8828-4318-8D16-FFC69A053B0C}.Release|x64.Build.0 = Release|x64
		{0F2C79C1-8828-4318-8D16-FFC69A053B0C}.Release|x86.ActiveCfg = Release|Win32
		{0F2C79C1-8828-4318-8D16-FFC69A053B0C}.Release|x86.Build.0 = Release|Win32
		{C776B28B-F999-4DFC-B487-4B98352122FE}.Debug|x64.ActiveCfg = Debug|x64
		{C776B28B-F999-4DFC-B487-4B98352122FE}.Debug|x64.Build.0 = Debug|x64
		{C776B28B-F999-4DFC-B487-4B98352122FE}.Debug|x86.ActiveCfg = Debug|Win32
		{C776B28B-F999-4DFC-B487-4B98352122FE}.Debug|x86.Build.0 = Debug|Win32
		{C776B28B-F999-4DFC-B487-4B98352122FE}.Release|x64.ActiveCfg = Release|x64
		{C776B28B-F999-4DFC-B487-4B98352122FE}.Release|x64.Build.0 = Release|x64
		{C776B28B-F999-4DFC-B487-4B98352122FE}.Release|x86.ActiveCfg = Release|Win32
		{C776B28B-F999-4DFC-B487-4B98352122FE}.Release|x86.Build.0 = Release|Win32
		{44E9305A-AC31-4B27-9BC2-18432B8C9388}.Debug|x64.ActiveCfg = Debug|x64
		{44E9305A-AC31-4B27-9BC2-18432B8C9388}.Debug|x64.Build.0 = Debug|x64
		{44E9305A-AC31-4B27-9BC2-18432B8C9388}.Debug|x86.ActiveCfg = Debug|Win32
		{44E9305A-AC31-4B27-9BC2-18432B8C9388}.Debug|x86.Build.0 = Debug|Win32
		{44E9305A-AC31-4B27-9BC2-18432B8C9388}.Release|x64.ActiveCfg = Release|x64
		{44E9305A-AC31-4B27-9BC2-18432B8C9388}.Release|x64.Build.0 = Release|x64
		{44E9305A-AC31-4B27-9BC2-18432B8C9388}.Release|x86.ActiveCfg = Release|Win32
		{44E9305A-AC31-4B27-9BC2-18432B8C9388}.Release|x86.Build.0 = Release|Win32
	EndGlobalSection
	GlobalSection(SolutionProperties) = preSolution
		HideSolutionNode = FALSE
	EndGlobalSection
	GlobalSection(NestedProjects) = preSolution
		{F64A1D79-E3C2-4A5F-B005-51144974E5CF} = {7FBDF24E-58E1-4B17-8A1D-092380010924}
		{4552C78B-3162-43C9-8C5C-D6819C28AC15} = {7FBDF24E-58E1-4B17-8A1D-092380010924}
		{EBFC1C1B-1B3E-452F-A1C5-3BF008367130} = {7FBDF24E-58E1-4B17-8A1D-092380010924}
		{890837C9-AC17-428D-9B62-F60F9C1E44E2} = {7FBDF24E-58E1-4B17-8A1D-092380010924}
		{3D4CA7AC-2F11-4ED4-8646-1228E0530166} = {7FBDF24E-58E1-4B17-8A1D-092380010924}
		{D845DC44-30C3-4324-9BE9-42585EE0C2E4} = {7FBDF24E-58E1-4B17-8A1D-092380010924}
		{7F210854-8815-470E-A45B-2E9D112240D2} = {7FBDF24E-58E1-4B17-8A1D-092380010924}
		{731D1687-5747-4797-B8C6-590AC6D45B9F} = {7FBDF24E-58E1-4B17-8A1D-092380010924}
		{2D8DF219-A2F5-4AA9-B0B1-4A2B561D4C97} = {7FBDF24E-58E1-4B17-8A1D-092380010924}
		{E52ED83A-0838-42F9-A427-96B4965457B5} = {7FBDF24E-58E1-4B17-8A1D-092380010924}
		{72324767-0308-4115-844B-4D99AA1AAA5C} = {7FBDF24E-58E1-4B17-8A1D-092380010924}
		{002CBCBD-463A-48F8-891B-D19F8505C481} = {7FBDF24E-58E1-4B17-8A1D-092380010924}
		{2CF678D9-6E88-440F-83F6-3921E641C131} = {7FBDF24E-58E1-4B17-8A1D-092380010924}
		{CA1E34A6-A511-4B8D-88C0-4F99154BA574} = {7FBDF24E-58E1-4B17-8A1D-092380010924}
		{0F2C79C1-8828-4318-8D16-FFC69A053B0C} = {7FBDF24E-58E1-4B17-8A1D-092380010924}
	EndGlobalSection
	GlobalSection(ExtensibilityGlobals) = postSolution
		SolutionGuid = {08B997B8-7C69-46CB-856C-6D884953A6A5}
	EndGlobalSection
EndGlobal
